version = 1
revision = 3
requires-python = ">=3.10"

[[package]]
name = "colorama"
version = "0.4.6"
source = { registry = "https://pypi.org/simple" }
sdist = { url = "https://files.pythonhosted.org/packages/d8/53/6f443c9a4a8358a93a6792e2acffb9d9d5cb0a5cfd8802644b7b1c9a02e4/colorama-0.4.6.tar.gz", hash = "sha256:08695f5cb7ed6e0531a20572697297273c47b8cae5a63ffc6d6ed5c201be6e44", size = 27697, upload-time = "2022-10-25T02:36:22.414Z" }
wheels = [
    { url = "https://files.pythonhosted.org/packages/d1/d6/3965ed04c63042e047cb6a3e6ed1a63a35087b6a609aa3a15ed8ac56c221/colorama-0.4.6-py2.py3-none-any.whl", hash = "sha256:4f1d9991f5acc0ca119f9d443620b77f9d6b33703e51011c16baf57afb285fc6", size = 25335, upload-time = "2022-10-25T02:36:20.889Z" },
]

[[package]]
name = "exceptiongroup"
version = "1.3.1"
source = { registry = "https://pypi.org/simple" }
dependencies = [
    { name = "typing-extensions", marker = "python_full_version < '3.13'" },
]
sdist = { url = "https://files.pythonhosted.org/packages/50/79/66800aadf48771f6b62f7eb014e352e5d06856655206165d775e675a02c9/exceptiongroup-1.3.1.tar.gz", hash = "sha256:8b412432c6055b0b7d14c310000ae93352ed6754f70fa8f7c34141f91c4e3219", size = 30371, upload-time = "2025-11-21T23:01:54.787Z" }
wheels = [
    { url = "https://files.pythonhosted.org/packages/8a/0e/97c33bf5009bdbac74fd2beace167cab3f978feb69cc36f1ef79360d6c4e/exceptiongroup-1.3.1-py3-none-any.whl", hash = "sha256:a7a39a3bd276781e98394987d3a5701d0c4edffb633bb7a5144577f82c773598", size = 16740, upload-time = "2025-11-21T23:01:53.443Z" },
]

[[package]]
name = "iniconfig"
version = "2.3.0"
source = { registry = "https://pypi.org/simple" }
sdist = { url = "https://files.pythonhosted.org/packages/72/34/14ca021ce8e5dfedc35312d08ba8bf51fdd999c576889fc2c24cb97f4f10/iniconfig-2.3.0.tar.gz", hash = "sha256:c76315c77db068650d49c5b56314774a7804df16fee4402c1f19d6d15d8c4730", size = 20503, upload-time = "2025-10-18T21:55:43.219Z" }
wheels = [
    { url = "https://files.pythonhosted.org/packages/cb/b1/3846dd7f199d53cb17f49cba7e651e9ce294d8497c8c150530ed11865bb8/iniconfig-2.3.0-py3-none-any.whl", hash = "sha256:f631c04d2c48c52b84d0d0549c99ff3859c98df65b3101406327ecc7d53fbf12", size = 7484, upload-time = "2025-10-18T21:55:41.639Z" },
]

[[package]]
name = "packaging"
version = "26.3"
source = { registry = "https://pypi.org/simple" }
sdist = { url = "https://files.pythonhosted.org/packages/7d/fa/3944b40b07da9ce895c0e6303a5ab7d53da063554f534556b134a54d6093/packaging-26.3.tar.gz", hash = "sha256:94edc256424af38762eb31306eed28beb9f0efc50a8837492c9d6fd6004aed79", size = 313412, upload-time = "2026-08-04T18:15:28.737Z" }
wheels = [
    { url = "https://files.pythonhosted.org/packages/63/34/ba1c580383c9eada3711951fef0795c80b829a078d72188184bcab9dd527/packaging-26.3-py3-none-any.whl", hash = "sha256:d7193f7c8e4e93f444fde0262bf90af30e16fa0ad0ad44cb553c87339b23cd1c", size = 129956, upload-time = "2026-08-04T18:15:27.159Z" },
]

[[package]]
name = "pluggy"
version = "1.6.0"
source = { registry = "https://pypi.org/simple" }
sdist = { url = "https://files.pythonhosted.org/packages/f9/e2/3e91f31a7d2b083fe6ef3fa267035b518369d9511ffab804f839851d2779/pluggy-1.6.0.tar.gz", hash = "sha256:7dcc130b76258d33b90f61b658791dede3486c3e6bfb003ee5c9bfb396dd22f3", size = 69412, upload-time = "2025-05-15T12:30:07.975Z" }
wheels = [
    { url = "https://files.pythonhosted.org/packages/54/20/4d324d65cc6d9205fabedc306948156824eb9f0ee1633355a8f7ec5c66bf/pluggy-1.6.0-py3-none-any.whl", hash = "sha256:e920276dd6813095e9377c0bc5566d94c932c33b27a3e3945d8389c374dd4746", size = 20538, upload-time = "2025-05-15T12:30:06.134Z" },
]

[[package]]
name = "pygame-ce"
version = "2.5.8"
source = { registry = "https://pypi.org/simple" }
sdist = { url = "https://files.pythonhosted.org/packages/26/2d/0f942ec31d558a6a1f2fd0df9965ff0055f165ed5b8d36f6509b1f3768a2/pygame_ce-2.5.8.tar.gz", hash = "sha256:3c8e69088ead310037972c391306ea58e74d7296b35d1890067749235fd554ba", size = 5300831, upload-time = "2026-08-09T11:39:49.226Z" }
wheels = [
    { url = "https://files.pythonhosted.org/packages/22/e3/7b4afd3a116d06345bf67abb80f8da69338b00e1b7760fa93b509aea9655/pygame_ce-2.5.8-cp310-cp310-macosx_10_11_universal2.whl", hash = "sha256:e43021583000ff05657517f1455b6183d69796a39781ef91f82b5b2b869d4156", size = 16594146, upload-time = "2026-08-09T11:37:51.42Z" },
    { url = "https://files.pythonhosted.org/packages/26/53/aae8515c5bfa1bf1724282c0414c4b406b5e15c202303b02fb9cf3cf85eb/pygame_ce-2.5.8-cp310-cp310-manylinux2014_aarch64.manylinux_2_17_aarch64.whl", hash = "sha256:514f2c13e008af13cbc45ef93e897af1d192bec35f07f8894212926286e89ef0", size = 12062172, upload-time = "2026-08-09T11:37:54.365Z" },
    { url = "https://files.pythonhosted.org/packages/86/b8/da5babccf83873bbfbeed8099706826b2da7409a4d7f60da9d263d200895/pygame_ce-2.5.8-cp310-cp310-manylinux2014_i686.manylinux_2_17_i686.whl", hash = "sha256:49aca63362d075c6efbf0571380b759c7a87341ae474acd23d897f3307bb9506", size = 12602449, upload-time = "2026-08-09T11:37:56.787Z" },
    { url = "https://files.pythonhosted.org/packages/12/5c/2e98e55c00ccc84dc8153fdb0ca457629b04b4035ad1504d8e1d5230dae4/pygame_ce-2.5.8-cp310-cp310-manylinux2014_x86_64.manylinux_2_17_x86_64.whl", hash = "sha256:6de2f738e0a6130f70ae47cf8da8845b2f228014f2c71b37477f10fb1febec5a", size = 12157347, upload-time = "2026-08-09T11:37:59.187Z" },
    { url = "https://files.pythonhosted.org/packages/fc/a7/5461a494e2ce27959574783af3ee539d64fd6aba53821a11f76f99efcc1f/pygame_ce-2.5.8-cp310-cp310-win32.whl", hash = "sha256:ceabf943fb485dbcdc497d504bf267463e1d8ec62973a637635a03be312eb215", size = 9125253, upload-time = "2026-08-09T11:38:01.674Z" },
    { url = "https://files.pythonhosted.org/packages/0a/ab/cb70e088badbe81514560c7bf432857c2a95e2be78a19764f8b7fb7ca41d/pygame_ce-2.5.8-cp310-cp310-win_amd64.whl", hash = "sha256:15a408aa324c7d3f465a80595a0cf2525c74ef147479a7b37322dbc1d99b8edf", size = 9667294, upload-time = "2026-08-09T11:38:04.222Z" },
    { url = "https://files.pythonhosted.org/packages/97/9b/884fb7367951e74e7f77061bb08e893272794c07b1212dc61ba258c3c71e/pygame_ce-2.5.8-cp311-cp311-macosx_10_11_universal2.whl", hash = "sha256:9e98223c8874177c8441923a8f60da76b1de9d7f2450602a4c7ef24c15e84f1a", size = 16588698, upload-time = "2026-08-09T11:38:07.009Z" },
    { url = "https://files.pythonhosted.org/packages/6f/7d/b3f3a58cd09e97dbbedde419bedb7ead1f7e4d3cd6465b00bdf56766ded9/pygame_ce-2.5.8-cp311-cp311-manylinux2014_aarch64.manylinux_2_17_aarch64.whl", hash = "sha256:a7b2a54548926eaf535ac574cfa6528f96bd1e2f524a20fea514b2922dd68bcc", size = 12060566, upload-time = "2026-08-09T11:38:09.516Z" },
    { url = "https://files.pythonhosted.org/packages/ca/8b/7ba5dbf40ff461984327539a6895ada8ab2eac4c035238f97a0fd9da9866/pygame_ce-2.5.8-cp311-cp311-manylinux2014_i686.manylinux_2_17_i686.whl", hash = "sha256:ff283d1bee65e208cf2f0da7f2f4e3d0993d1787938898de2872fbefab1f786b", size = 12599420, upload-time = "2026-08-09T11:38:12.101Z" },
    { url = "https://files.pythonhosted.org/packages/05/02/c315738725cd08d2ff4cc8f8dd29638e69e70f200d3610bcd291cbb886b8/pygame_ce-2.5.8-cp311-cp311-manylinux2014_x86_64.manylinux_2_17_x86_64.whl", hash = "sha256:33e1b5a78cd6d25c2c8f00c09cdc0ba8000eec81b53dc7d8d7323d8319691d69", size = 12155284, upload-time = "2026-08-09T11:38:14.456Z" },
    { url = "https://files.pythonhosted.org/packages/17/3d/b9d57ebab57fdef946626ae275b111c077b83fe0d0ccc3a2ec12b17523d2/pygame_ce-2.5.8-cp311-cp311-win32.whl", hash = "sha256:b919b49b8a41564f7d0ad43f6dc97a66f29d3956fb592581f4abd62442644c9c", size = 9122893, upload-time = "2026-08-09T11:38:16.789Z" },
    { url = "https://files.pythonhosted.org/packages/e7/68/54cbebea295bbd9598604e3b4c3ef2aff75df1612482c2d102963151096c/pygame_ce-2.5.8-cp311-cp311-win_amd64.whl", hash = "sha256:0f75f6cf17607e380687aa5551c46aa830c8037b2950c71e48be8891ddc737da", size = 9666898, upload-time = "2026-08-09T11:38:19.213Z" },
    { url = "https://files.pythonhosted.org/packages/b7/8a/79129cc0c755d639d180a582869e4c7a0d5106dbf611262bcf5d554ce59d/pygame_ce-2.5.8-cp311-cp311-win_arm64.whl", hash = "sha256:8e7931bd6b8ffc1474e7b3d5717e18bf8ff3eed95ab9042f1b9a0907e9ff6519", size = 10212252, upload-time = "2026-08-09T11:38:21.537Z" },
    { url = "https://files.pythonhosted.org/packages/ab/2a/9c48c56cb36baa49d8732fc41896d2d8a6027bf94155aa1a5663fd72f7ff/pygame_ce-2.5.8-cp312-cp312-macosx_10_13_universal2.whl", hash = "sha256:0ae2141c81595b4b13b780d325b9ea0016c6647f8b3a6004278b00765a96664d", size = 16570732, upload-time = "2026-08-09T11:38:24.118Z" },
    { url = "https://files.pythonhosted.org/packages/a6/83/f4979079f5a8f729b0f488e987db1227086816c26e1b985d61fc9a60605f/pygame_ce-2.5.8-cp312-cp312-manylinux2014_aarch64.manylinux_2_17_aarch64.whl", hash = "sha256:e401643af9455cb69f8cb77050c325f290314da0051e9ab82c5ccaf8017c314a", size = 12048869, upload-time = "2026-08-09T11:38:26.733Z" },
    { url = "https://files.pythonhosted.org/packages/8b/38/9961f6543bfb4ecc4dbeee0fdb57edbd633945dc143df9c70ee476416cc4/pygame_ce-2.5.8-cp312-cp312-manylinux2014_i686.manylinux_2_17_i686.whl", hash = "sha256:6d4839f127b1b66f1dfe7e0dca3d2233b6f3a63077690081d1996e24087c6055", size = 12587614, upload-time = "2026-08-09T11:38:29.143Z" },
    { url = "https://files.pythonhosted.org/packages/1e/07/e139faa8911d48991e161e356e652be2a642303f3baf6a57c7ba4a1f0f49/pygame_ce-2.5.8-cp312-cp312-manylinux2014_x86_64.manylinux_2_17_x86_64.whl", hash = "sha256:bf9c8b4376077efec6ae31443172ae98545f278d0e4426852e81c28ab1f5d7c2", size = 12147342, upload-time = "2026-08-09T11:38:32.166Z" },
    { url = "https://files.pythonhosted.org/packages/e3/e6/238b48936733ed1908486df072137e7eef61fd26de4620d54e438b69d509/pygame_ce-2.5.8-cp312-cp312-win32.whl", hash = "sha256:91d2434d8cbdb7cd04c9b37e76a8154641da25f4e274265806407f495fe6e889", size = 9126160, upload-time = "2026-08-09T11:38:34.812Z" },
    { url = "https://files.pythonhosted.org/packages/81/13/2bba0ebe563047ae9de68dc05656dc0bfa9394c60970548b06d2f2e106c5/pygame_ce-2.5.8-cp312-cp312-win_amd64.whl", hash = "sha256:2cfe8afe1e7955780f0bd4f01d65f1b4903f561407052081cfcec31e80957c3c", size = 9668595, upload-time = "2026-08-09T11:38:37.279Z" },
    { url = "https://files.pythonhosted.org/packages/b1/2e/871161f0546d549fa458609029771d7a36c1e7758e164a3b2c2ed61b507b/pygame_ce-2.5.8-cp312-cp312-win_arm64.whl", hash = "sha256:6c48a3ad5f7102e076055a3c817c12e932ee5c9b831080db2ea9754236b0490d", size = 10213955, upload-time = "2026-08-09T11:38:39.559Z" },
    { url = "https://files.pythonhosted.org/packages/8a/06/f2e2d9fe3eb2dc1fde30b90e250274e85ba355af729892ac71ba653924a1/pygame_ce-2.5.8-cp313-cp313-macosx_10_13_universal2.whl", hash = "sha256:56441a9bb75c2461750dc0e6e4a46e3833b3cf6339bfbaf16f93ecac037510f3", size = 16562516, upload-time = "2026-08-09T11:38:42.311Z" },
    { url = "https://files.pythonhosted.org/packages/4d/fe/4be67df98bb05f7b024900f80fe4d07a72cec7022262d17c449b2a9f6034/pygame_ce-2.5.8-cp313-cp313-manylinux2014_aarch64.manylinux_2_17_aarch64.whl", hash = "sha256:e3183bc0d808e739ca2400df45a5bfae10704ccbcacab0f04f9adc9027e86427", size = 12045702, upload-time = "2026-08-09T11:38:44.903Z" },
    { url = "https://files.pythonhosted.org/packages/5d/8f/f7d283799aaa2208c1276f085d514f2ac37ce1bb5df940c7cbac7e6a6320/pygame_ce-2.5.8-cp313-cp313-manylinux2014_i686.manylinux_2_17_i686.whl", hash = "sha256:841aecccb498419367936bea0b1b0c6e9d635dc81c41ef26ec1769158f1ab871", size = 12585829, upload-time = "2026-08-09T11:38:47.507Z" },
    { url = "https://files.pythonhosted.org/packages/27/4d/03fd52c7f958b8e929757a118cada9aee16ae9d4fd84f2682ee0cbd3941d/pygame_ce-2.5.8-cp313-cp313-manylinux2014_x86_64.manylinux_2_17_x86_64.whl", hash = "sha256:5bb966b610e161a8f6d908b4c62ef3a1f3e922bc7bed73bd70a3e15dc780b90e", size = 12145623, upload-time = "2026-08-09T11:38:49.87Z" },
    { url = "https://files.pythonhosted.org/packages/6e/61/c02613190a3256a656258bb4f677aecc09c3cb1f5521490ce7d5fb6308dd/pygame_ce-2.5.8-cp313-cp313-win32.whl", hash = "sha256:cab944d76af71e707803856b4db984ca90d9d6453e470e89771ed963c11ed912", size = 9123635, upload-time = "2026-08-09T11:38:52.452Z" },
    { url = "https://files.pythonhosted.org/packages/c0/1b/da9186e5b88714c16fdb23bc4ba0bca4a75c21e3a5cf9607765773f68d22/pygame_ce-2.5.8-cp313-cp313-win_amd64.whl", hash = "sha256:f495b0eb7a5c54c59da58e964bc7f68073c3f43cf307729fd48309104a04c190", size = 9668342, upload-time = "2026-08-09T11:38:54.988Z" },
    { url = "https://files.pythonhosted.org/packages/55/d3/78136bc51be25afbd7954c22488860e80f32d9a885f6667fed8aac7df0d6/pygame_ce-2.5.8-cp313-cp313-win_arm64.whl", hash = "sha256:dea22b4d4c418bbd0bd9853ae797ecfa882436d2684ceb6063ba8b520adc8500", size = 10211021, upload-time = "2026-08-09T11:38:57.529Z" },
    { url = "https://files.pythonhosted.org/packages/4d/e6/8e83904cf4184223419345a78c905e7c1ace10228befd87eb497ba015c8c/pygame_ce-2.5.8-cp314-cp314-macosx_10_15_universal2.whl", hash = "sha256:7ec4efa6b57a194f5ad51b92211cc74b485320df951b0cc870235b2b889b9b6d", size = 16571019, upload-time = "2026-08-09T11:39:00.084Z" },
    { url = "https://files.pythonhosted.org/packages/2e/f3/4f90a0b5e86635d741111084eaa4d4c65fcab2f461edb8c9efa502e4c630/pygame_ce-2.5.8-cp314-cp314-manylinux2014_aarch64.manylinux_2_17_aarch64.whl", hash = "sha256:bb91d0bb0b5e2a4da61910d752769d4580cacffb4b7338cee57c932351c67e7b", size = 12051251, upload-time = "2026-08-09T11:39:02.561Z" },
    { url = "https://files.pythonhosted.org/packages/99/7e/b0c4f5d43261e8707353ef40cf6620d46d42f43a502c236e93ce6ea82e7b/pygame_ce-2.5.8-cp314-cp314-manylinux2014_i686.manylinux_2_17_i686.whl", hash = "sha256:68bd9c4ac42bb2549c034d56399404f16c87c56714db721ed975a759798a3d16", size = 12585932, upload-time = "2026-08-09T11:39:04.989Z" },
    { url = "https://files.pythonhosted.org/packages/dd/62/06f0ceb7f5a154e0071a4ce81a16de47b9f3b85034fa391686d489d15be5/pygame_ce-2.5.8-cp314-cp314-manylinux2014_x86_64.manylinux_2_17_x86_64.whl", hash = "sha256:0027bd2255cbb39789d9c7ff95a5f040f56d1cfeb09504497447c0ee06169a24", size = 12147357, upload-time = "2026-08-09T11:39:07.433Z" },
    { url = "https://files.pythonhosted.org/packages/05/57/14d6b40318af71cf20e4c750866795424e018f79c5a5cf3a9a74a8717c4c/pygame_ce-2.5.8-cp314-cp314-win32.whl", hash = "sha256:c5285d444e4b789ef95522bbd2b90433163ad2b89e0ae4891236fde88a027fbd", size = 9255121, upload-time = "2026-08-09T11:39:09.723Z" },
    { url = "https://files.pythonhosted.org/packages/f1/31/92d32a9bf9b78e9ef10cec7224e2f00efc957757505822af8dc4225e9b41/pygame_ce-2.5.8-cp314-cp314-win_amd64.whl", hash = "sha256:b4c2e28c201240199356952e6bd0221969d2eb8a1a15c3454d77db209bad7891", size = 9833757, upload-time = "2026-08-09T11:39:11.989Z" },
    { url = "https://files.pythonhosted.org/packages/5a/26/4024483d4a3161ed8fb8d3f3f4957580af31d468e0c31df7e6038f45ccdc/pygame_ce-2.5.8-cp314-cp314-win_arm64.whl", hash = "sha256:b23034594412456504822d3088cf5f292f63bbe415eac29735340a59999e4116", size = 10410381, upload-time = "2026-08-09T11:39:14.417Z" },
    { url = "https://files.pythonhosted.org/packages/fd/11/0b47f80b261d6379c86b9cc3fa405af5bd62af10506de7e28c2275d67b86/pygame_ce-2.5.8-cp315-cp315-macosx_10_15_universal2.whl", hash = "sha256:0a4e0804d53bae8d9aa5192fc2259b40dd084b48ea273dd7dd6e1c12b73303c4", size = 16571139, upload-time = "2026-08-09T11:39:16.979Z" },
    { url = "https://files.pythonhosted.org/packages/f1/95/694cd02641a0c0956b6c5919b56599af302524ac133551b654f550f28919/pygame_ce-2.5.8-cp315-cp315-manylinux2014_aarch64.manylinux_2_17_aarch64.whl", hash = "sha256:d7f03d38b3693c014dd47d4e281620b6756669129e545af1cd608a9484582846", size = 12051154, upload-time = "2026-08-09T11:39:19.873Z" },
    { url = "https://files.pythonhosted.org/packages/da/5e/bed22b0d07d9e96bb9a448acc9da7a235f046280264c33476f0c0753d302/pygame_ce-2.5.8-cp315-cp315-manylinux2014_i686.manylinux_2_17_i686.whl", hash = "sha256:d084b79535f3529aa157edd9401f4f33e5082f318d287029291d6596bb225105", size = 12585976, upload-time = "2026-08-09T11:39:22.555Z" },
    { url = "https://files.pythonhosted.org/packages/21/ce/8c167ba5ba736e372730ae29ef0f8cb2e62a88580e647ae987bc112eb1cb/pygame_ce-2.5.8-cp315-cp315-manylinux2014_x86_64.manylinux_2_17_x86_64.whl", hash = "sha256:d9cbf6e2648ae6d76aa8ece82187d240300cfd9f4c90860e1e466f78cf0ab14a", size = 12147466, upload-time = "2026-08-09T11:39:24.935Z" },
    { url = "https://files.pythonhosted.org/packages/63/92/c99ed51479f2d2a5d7fc9d5aa3b880e4c0fcc87f30cb95ecf325f35dd2fd/pygame_ce-2.5.8-cp315-cp315-win32.whl", hash = "sha256:312a01ff5439a0bd2e55b56683518454da4cbe4cad493d0580e9c49f6aacc2d8", size = 9254928, upload-time = "2026-08-09T11:39:29.525Z" },
    { url = "https://files.pythonhosted.org/packages/87/41/404836598d666ffe02681fd0c29f013daaa8baf18e5de5f7a5d4870b6105/pygame_ce-2.5.8-cp315-cp315-win_amd64.whl", hash = "sha256:5b789aa7e4239be025c9de8428c2c422f0811f0e3dd702b574d836fd9ae040eb", size = 9833657, upload-time = "2026-08-09T11:39:31.897Z" },
    { url = "https://files.pythonhosted.org/packages/5f/a2/7a844f772c6f0967e75d49cb10602fbb878b9daee1cc080d2b9597bcc873/pygame_ce-2.5.8-cp315-cp315-win_arm64.whl", hash = "sha256:28c4fed3870e3edf72ea7ea359bb5f64c55db0fb9cb3bdb26b4b674b4b4bcff4", size = 10410231, upload-time = "2026-08-09T11:39:34.184Z" },
    { url = "https://files.pythonhosted.org/packages/9f/b8/525dfcfda50ea9e98cd4097d6d0beabcfa0a6007475c04dab2021077c6de/pygame_ce-2.5.8-pp311-pypy311_pp73-macosx_10_15_universal2.whl", hash = "sha256:0aa908c9fce4d508205e0b9cdc0f7338066da63322f6bcaa9a9c8aff9155a87e", size = 16485912, upload-time = "2026-08-09T11:39:37.277Z" },
    { url = "https://files.pythonhosted.org/packages/bc/33/d02386a4314be22bc6198d93c2d99f372c0c8c7b71fc9c390cf36d5c5c99/pygame_ce-2.5.8-pp311-pypy311_pp73-manylinux2014_aarch64.manylinux_2_17_aarch64.whl", hash = "sha256:894faf17699ea7f14eabd9161ef532c1d248e40f568dab9240fc68b4c1ea85dc", size = 12008829, upload-time = "2026-08-09T11:39:39.717Z" },
    { url = "https://files.pythonhosted.org/packages/f5/26/a14abbac97c681385dbb01d5c44c867992dbf2265a784af35141c485813e/pygame_ce-2.5.8-pp311-pypy311_pp73-manylinux2014_i686.manylinux_2_17_i686.whl", hash = "sha256:0d0c4b2b38e1946ea7a7c625ea317e237573e8731e4a56055eb4361b3c2daa0f", size = 12538786, upload-time = "2026-08-09T11:39:42.37Z" },
    { url = "https://files.pythonhosted.org/packages/28/6c/2a8d9ca41d40e2d30e940107a019bbc17de518948c360789f59a439d689a/pygame_ce-2.5.8-pp311-pypy311_pp73-manylinux2014_x86_64.manylinux_2_17_x86_64.whl", hash = "sha256:9ea02f653f76d496870766e1fb8419b6a6aebd81d40265057672f1f6d63d3509", size = 12102335, upload-time = "2026-08-09T11:39:44.64Z" },
    { url = "https://files.pythonhosted.org/packages/47/b5/1068d4d24891b17fcb6cf3556b1de8d5821a2bc44ebbea2b25dbd767ae2b/pygame_ce-2.5.8-pp311-pypy311_pp73-win_amd64.whl", hash = "sha256:f2f2f1c03dc8d4460779f9e55f959a7c7e523101b3530f60f3208e5ca65a6216", size = 9635346, upload-time = "2026-08-09T11:39:46.968Z" },
]

[[package]]
name = "pygments"
version = "2.21.0"
source = { registry = "https://pypi.org/simple" }
sdist = { url = "https://files.pythonhosted.org/packages/49/2e/ced460408999b33da6b31b0021b0f37d329e202d4169aeb164493778f25b/pygments-2.21.0.tar.gz", hash = "sha256:610ca751c9bc2492b38eb9a38a7fbc93edbbb2d7182edaf34e66ae493dee5c8c", size = 5005329, upload-time = "2026-08-17T08:02:48.824Z" }
wheels = [
    { url = "https://files.pythonhosted.org/packages/71/46/17f022dd3e953bf20a04a028a21ec746d942f8d2af30fa0f124fa0e6a684/pygments-2.21.0-py3-none-any.whl", hash = "sha256:2363c69b61c4a97c838da3b130dcd6468f4848992b21a82f2a63ec34377137d9", size = 1250147, upload-time = "2026-08-17T08:02:44.912Z" },
]

[[package]]
name = "pytest"
version = "8.4.2"
source = { registry = "https://pypi.org/simple" }
dependencies = [
    { name = "colorama", marker = "sys_platform == 'win32'" },
    { name = "exceptiongroup", marker = "python_full_version < '3.11'" },
    { name = "iniconfig" },
    { name = "packaging" },
    { name = "pluggy" },
    { name = "pygments" },
    { name = "tomli", marker = "python_full_version < '3.11'" },
]
sdist = { url = "https://files.pythonhosted.org/packages/a3/5c/00a0e072241553e1a7496d638deababa67c5058571567b92a7eaa258397c/pytest-8.4.2.tar.gz", hash = "sha256:86c0d0b93306b961d58d62a4db4879f27fe25513d4b969df351abdddb3c30e01", size = 1519618, upload-time = "2025-09-04T14:34:22.711Z" }
wheels = [
    { url = "https://files.pythonhosted.org/packages/a8/a4/20da314d277121d6534b3a980b29035dcd51e6744bd79075a6ce8fa4eb8d/pytest-8.4.2-py3-none-any.whl", hash = "sha256:872f880de3fc3a5bdc88a11b39c9710c3497a547cfa9320bc3c5e62fbf272e79", size = 365750, upload-time = "2025-09-04T14:34:20.226Z" },
]

[[package]]
name = "thrustmaster-controller"
version = "0.1.0"
source = { editable = "." }
dependencies = [
    { name = "pygame-ce" },
]

[package.dev-dependencies]
dev = [
    { name = "pytest" },
]

[package.metadata]
requires-dist = [{ name = "pygame-ce", specifier = ">=2.5.3,<3" }]

[package.metadata.requires-dev]
dev = [{ name = "pytest", specifier = ">=8.3,<9" }]

[[package]]
name = "tomli"
version = "2.4.1"
source = { registry = "https://pypi.org/simple" }
sdist = { url = "https://files.pythonhosted.org/packages/22/de/48c59722572767841493b26183a0d1cc411d54fd759c5607c4590b6563a6/tomli-2.4.1.tar.gz", hash = "sha256:7c7e1a961a0b2f2472c1ac5b69affa0ae1132c39adcb67aba98568702b9cc23f", size = 17543, upload-time = "2026-03-25T20:22:03.828Z" }
wheels = [
    { url = "https://files.pythonhosted.org/packages/f4/11/db3d5885d8528263d8adc260bb2d28ebf1270b96e98f0e0268d32b8d9900/tomli-2.4.1-cp311-cp311-macosx_10_9_x86_64.whl", hash = "sha256:f8f0fc26ec2cc2b965b7a3b87cd19c5c6b8c5e5f436b984e85f486d652285c30", size = 154704, upload-time = "2026-03-25T20:21:10.473Z" },
    { url = "https://files.pythonhosted.org/packages/6d/f7/675db52c7e46064a9aa928885a9b20f4124ecb9bc2e1ce74c9106648d202/tomli-2.4.1-cp311-cp311-macosx_11_0_arm64.whl", hash = "sha256:4ab97e64ccda8756376892c53a72bd1f964e519c77236368527f758fbc36a53a", size = 149454, upload-time = "2026-03-25T20:21:12.036Z" },
    { url = "https://files.pythonhosted.org/packages/61/71/81c50943cf953efa35bce7646caab3cf457a7d8c030b27cfb40d7235f9ee/tomli-2.4.1-cp311-cp311-manylinux2014_aarch64.manylinux_2_17_aarch64.manylinux_2_28_aarch64.whl", hash = "sha256:96481a5786729fd470164b47cdb3e0e58062a496f455ee41b4403be77cb5a076", size = 237561, upload-time = "2026-03-25T20:21:13.098Z" },
    { url = "https://files.pythonhosted.org/packages/48/c1/f41d9cb618acccca7df82aaf682f9b49013c9397212cb9f53219e3abac37/tomli-2.4.1-cp311-cp311-manylinux2014_x86_64.manylinux_2_17_x86_64.manylinux_2_28_x86_64.whl", hash = "sha256:5a881ab208c0baf688221f8cecc5401bd291d67e38a1ac884d6736cbcd8247e9", size = 243824, upload-time = "2026-03-25T20:21:14.569Z" },
    { url = "https://files.pythonhosted.org/packages/22/e4/5a816ecdd1f8ca51fb756ef684b90f2780afc52fc67f987e3c61d800a46d/tomli-2.4.1-cp311-cp311-musllinux_1_2_aarch64.whl", hash = "sha256:47149d5bd38761ac8be13a84864bf0b7b70bc051806bc3669ab1cbc56216b23c", size = 242227, upload-time = "2026-03-25T20:21:15.712Z" },
    { url = "https://files.pythonhosted.org/packages/6b/49/2b2a0ef529aa6eec245d25f0c703e020a73955ad7edf73e7f54ddc608aa5/tomli-2.4.1-cp311-cp311-musllinux_1_2_x86_64.whl", hash = "sha256:ec9bfaf3ad2df51ace80688143a6a4ebc09a248f6ff781a9945e51937008fcbc", size = 247859, upload-time = "2026-03-25T20:21:17.001Z" },
    { url = "https://files.pythonhosted.org/packages/83/bd/6c1a630eaca337e1e78c5903104f831bda934c426f9231429396ce3c3467/tomli-2.4.1-cp311-cp311-win32.whl", hash = "sha256:ff2983983d34813c1aeb0fa89091e76c3a22889ee83ab27c5eeb45100560c049", size = 97204, upload-time = "2026-03-25T20:21:18.079Z" },
    { url = "https://files.pythonhosted.org/packages/42/59/71461df1a885647e10b6bb7802d0b8e66480c61f3f43079e0dcd315b3954/tomli-2.4.1-cp311-cp311-win_amd64.whl", hash = "sha256:5ee18d9ebdb417e384b58fe414e8d6af9f4e7a0ae761519fb50f721de398dd4e", size = 108084, upload-time = "2026-03-25T20:21:18.978Z" },
    { url = "https://files.pythonhosted.org/packages/b8/83/dceca96142499c069475b790e7913b1044c1a4337e700751f48ed723f883/tomli-2.4.1-cp311-cp311-win_arm64.whl", hash = "sha256:c2541745709bad0264b7d4705ad453b76ccd191e64aa6f0fc66b69a293a45ece", size = 95285, upload-time = "2026-03-25T20:21:20.309Z" },
    { url = "https://files.pythonhosted.org/packages/c1/ba/42f134a3fe2b370f555f44b1d72feebb94debcab01676bf918d0cb70e9aa/tomli-2.4.1-cp312-cp312-macosx_10_13_x86_64.whl", hash = "sha256:c742f741d58a28940ce01d58f0ab2ea3ced8b12402f162f4d534dfe18ba1cd6a", size = 155924, upload-time = "2026-03-25T20:21:21.626Z" },
    { url = "https://files.pythonhosted.org/packages/dc/c7/62d7a17c26487ade21c5422b646110f2162f1fcc95980ef7f63e73c68f14/tomli-2.4.1-cp312-cp312-macosx_11_0_arm64.whl", hash = "sha256:7f86fd587c4ed9dd76f318225e7d9b29cfc5a9d43de44e5754db8d1128487085", size = 150018, upload-time = "2026-03-25T20:21:23.002Z" },
    { url = "https://files.pythonhosted.org/packages/5c/05/79d13d7c15f13bdef410bdd49a6485b1c37d28968314eabee452c22a7fda/tomli-2.4.1-cp312-cp312-manylinux2014_aarch64.manylinux_2_17_aarch64.manylinux_2_28_aarch64.whl", hash = "sha256:ff18e6a727ee0ab0388507b89d1bc6a22b138d1e2fa56d1ad494586d61d2eae9", size = 244948, upload-time = "2026-03-25T20:21:24.04Z" },
    { url = "https://files.pythonhosted.org/packages/10/90/d62ce007a1c80d0b2c93e02cab211224756240884751b94ca72df8a875ca/tomli-2.4.1-cp312-cp312-manylinux2014_x86_64.manylinux_2_17_x86_64.manylinux_2_28_x86_64.whl", hash = "sha256:136443dbd7e1dee43c68ac2694fde36b2849865fa258d39bf822c10e8068eac5", size = 253341, upload-time = "2026-03-25T20:21:25.177Z" },
    { url = "https://files.pythonhosted.org/packages/1a/7e/caf6496d60152ad4ed09282c1885cca4eea150bfd007da84aea07bcc0a3e/tomli-2.4.1-cp312-cp312-musllinux_1_2_aarch64.whl", hash = "sha256:5e262d41726bc187e69af7825504c933b6794dc3fbd5945e41a79bb14c31f585", size = 248159, upload-time = "2026-03-25T20:21:26.364Z" },
    { url = "https://files.pythonhosted.org/packages/99/e7/c6f69c3120de34bbd882c6fba7975f3d7a746e9218e56ab46a1bc4b42552/tomli-2.4.1-cp312-cp312-musllinux_1_2_x86_64.whl", hash = "sha256:5cb41aa38891e073ee49d55fbc7839cfdb2bc0e600add13874d048c94aadddd1", size = 253290, upload-time = "2026-03-25T20:21:27.46Z" },
    { url = "https://files.pythonhosted.org/packages/d6/2f/4a3c322f22c5c66c4b836ec58211641a4067364f5dcdd7b974b4c5da300c/tomli-2.4.1-cp312-cp312-win32.whl", hash = "sha256:da25dc3563bff5965356133435b757a795a17b17d01dbc0f42fb32447ddfd917", size = 98141, upload-time = "2026-03-25T20:21:28.492Z" },
    { url = "https://files.pythonhosted.org/packages/24/22/4daacd05391b92c55759d55eaee21e1dfaea86ce5c571f10083360adf534/tomli-2.4.1-cp312-cp312-win_amd64.whl", hash = "sha256:52c8ef851d9a240f11a88c003eacb03c31fc1c9c4ec64a99a0f922b93874fda9", size = 108847, upload-time = "2026-03-25T20:21:29.386Z" },
    { url = "https://files.pythonhosted.org/packages/68/fd/70e768887666ddd9e9f5d85129e84910f2db2796f9096aa02b721a53098d/tomli-2.4.1-cp312-cp312-win_arm64.whl", hash = "sha256:f758f1b9299d059cc3f6546ae2af89670cb1c4d48ea29c3cacc4fe7de3058257", size = 95088, upload-time = "2026-03-25T20:21:30.677Z" },
    { url = "https://files.pythonhosted.org/packages/07/06/b823a7e818c756d9a7123ba2cda7d07bc2dd32835648d1a7b7b7a05d848d/tomli-2.4.1-cp313-cp313-macosx_10_13_x86_64.whl", hash = "sha256:36d2bd2ad5fb9eaddba5226aa02c8ec3fa4f192631e347b3ed28186d43be6b54", size = 155866, upload-time = "2026-03-25T20:21:31.65Z" },
    { url = "https://files.pythonhosted.org/packages/14/6f/12645cf7f08e1a20c7eb8c297c6f11d31c1b50f316a7e7e1e1de6e2e7b7e/tomli-2.4.1-cp313-cp313-macosx_11_0_arm64.whl", hash = "sha256:eb0dc4e38e6a1fd579e5d50369aa2e10acfc9cace504579b2faabb478e76941a", size = 149887, upload-time = "2026-03-25T20:21:33.028Z" },
    { url = "https://files.pythonhosted.org/packages/5c/e0/90637574e5e7212c09099c67ad349b04ec4d6020324539297b634a0192b0/tomli-2.4.1-cp313-cp313-manylinux2014_aarch64.manylinux_2_17_aarch64.manylinux_2_28_aarch64.whl", hash = "sha256:c7f2c7f2b9ca6bdeef8f0fa897f8e05085923eb091721675170254cbc5b02897", size = 243704, upload-time = "2026-03-25T20:21:34.51Z" },
    { url = "https://files.pythonhosted.org/packages/10/8f/d3ddb16c5a4befdf31a23307f72828686ab2096f068eaf56631e136c1fdd/tomli-2.4.1-cp313-cp313-manylinux2014_x86_64.manylinux_2_17_x86_64.manylinux_2_28_x86_64.whl", hash = "sha256:f3c6818a1a86dd6dca7ddcaaf76947d5ba31aecc28cb1b67009a5877c9a64f3f", size = 251628, upload-time = "2026-03-25T20:21:36.012Z" },
    { url = "https://files.pythonhosted.org/packages/e3/f1/dbeeb9116715abee2485bf0a12d07a8f31af94d71608c171c45f64c0469d/tomli-2.4.1-cp313-cp313-musllinux_1_2_aarch64.whl", hash = "sha256:d312ef37c91508b0ab2cee7da26ec0b3ed2f03ce12bd87a588d771ae15dcf82d", size = 247180, upload-time = "2026-03-25T20:21:37.136Z" },
    { url = "https://files.pythonhosted.org/packages/d3/74/16336ffd19ed4da28a70959f92f506233bd7cfc2332b20bdb01591e8b1d1/tomli-2.4.1-cp313-cp313-musllinux_1_2_x86_64.whl", hash = "sha256:51529d40e3ca50046d7606fa99ce3956a617f9b36380da3b7f0dd3dd28e68cb5", size = 251674, upload-time = "2026-03-25T20:21:38.298Z" },
    { url = "https://files.pythonhosted.org/packages/16/f9/229fa3434c590ddf6c0aa9af64d3af4b752540686cace29e6281e3458469/tomli-2.4.1-cp313-cp313-win32.whl", hash = "sha256:2190f2e9dd7508d2a90ded5ed369255980a1bcdd58e52f7fe24b8162bf9fedbd", size = 97976, upload-time = "2026-03-25T20:21:39.316Z" },
    { url = "https://files.pythonhosted.org/packages/6a/1e/71dfd96bcc1c775420cb8befe7a9d35f2e5b1309798f009dca17b7708c1e/tomli-2.4.1-cp313-cp313-win_amd64.whl", hash = "sha256:8d65a2fbf9d2f8352685bc1364177ee3923d6baf5e7f43ea4959d7d8bc326a36", size = 108755, upload-time = "2026-03-25T20:21:40.248Z" },
    { url = "https://files.pythonhosted.org/packages/83/7a/d34f422a021d62420b78f5c538e5b102f62bea616d1d75a13f0a88acb04a/tomli-2.4.1-cp313-cp313-win_arm64.whl", hash = "sha256:4b605484e43cdc43f0954ddae319fb75f04cc10dd80d830540060ee7cd0243cd", size = 95265, upload-time = "2026-03-25T20:21:41.219Z" },
    { url = "https://files.pythonhosted.org/packages/3c/fb/9a5c8d27dbab540869f7c1f8eb0abb3244189ce780ba9cd73f3770662072/tomli-2.4.1-cp314-cp314-macosx_10_15_x86_64.whl", hash = "sha256:fd0409a3653af6c147209d267a0e4243f0ae46b011aa978b1080359fddc9b6cf", size = 155726, upload-time = "2026-03-25T20:21:42.23Z" },
    { url = "https://files.pythonhosted.org/packages/62/05/d2f816630cc771ad836af54f5001f47a6f611d2d39535364f148b6a92d6b/tomli-2.4.1-cp314-cp314-macosx_11_0_arm64.whl", hash = "sha256:a120733b01c45e9a0c34aeef92bf0cf1d56cfe81ed9d47d562f9ed591a9828ac", size = 149859, upload-time = "2026-03-25T20:21:43.386Z" },
    { url = "https://files.pythonhosted.org/packages/ce/48/66341bdb858ad9bd0ceab5a86f90eddab127cf8b046418009f2125630ecb/tomli-2.4.1-cp314-cp314-manylinux2014_aarch64.manylinux_2_17_aarch64.manylinux_2_28_aarch64.whl", hash = "sha256:559db847dc486944896521f68d8190be1c9e719fced785720d2216fe7022b662", size = 244713, upload-time = "2026-03-25T20:21:44.474Z" },
    { url = "https://files.pythonhosted.org/packages/df/6d/c5fad00d82b3c7a3ab6189bd4b10e60466f22cfe8a08a9394185c8a8111c/tomli-2.4.1-cp314-cp314-manylinux2014_x86_64.manylinux_2_17_x86_64.manylinux_2_28_x86_64.whl", hash = "sha256:01f520d4f53ef97964a240a035ec2a869fe1a37dde002b57ebc4417a27ccd853", size = 252084, upload-time = "2026-03-25T20:21:45.62Z" },
    { url = "https://files.pythonhosted.org/packages/00/71/3a69e86f3eafe8c7a59d008d245888051005bd657760e96d5fbfb0b740c2/tomli-2.4.1-cp314-cp314-musllinux_1_2_aarch64.whl", hash = "sha256:7f94b27a62cfad8496c8d2513e1a222dd446f095fca8987fceef261225538a15", size = 247973, upload-time = "2026-03-25T20:21:46.937Z" },
    { url = "https://files.pythonhosted.org/packages/67/50/361e986652847fec4bd5e4a0208752fbe64689c603c7ae5ea7cb16b1c0ca/tomli-2.4.1-cp314-cp314-musllinux_1_2_x86_64.whl", hash = "sha256:ede3e6487c5ef5d28634ba3f31f989030ad6af71edfb0055cbbd14189ff240ba", size = 256223, upload-time = "2026-03-25T20:21:48.467Z" },
    { url = "https://files.pythonhosted.org/packages/8c/9a/b4173689a9203472e5467217e0154b00e260621caa227b6fa01feab16998/tomli-2.4.1-cp314-cp314-win32.whl", hash = "sha256:3d48a93ee1c9b79c04bb38772ee1b64dcf18ff43085896ea460ca8dec96f35f6", size = 98973, upload-time = "2026-03-25T20:21:49.526Z" },
    { url = "https://files.pythonhosted.org/packages/14/58/640ac93bf230cd27d002462c9af0d837779f8773bc03dee06b5835208214/tomli-2.4.1-cp314-cp314-win_amd64.whl", hash = "sha256:88dceee75c2c63af144e456745e10101eb67361050196b0b6af5d717254dddf7", size = 109082, upload-time = "2026-03-25T20:21:50.506Z" },
    { url = "https://files.pythonhosted.org/packages/d5/2f/702d5e05b227401c1068f0d386d79a589bb12bf64c3d2c72ce0631e3bc49/tomli-2.4.1-cp314-cp314-win_arm64.whl", hash = "sha256:b8c198f8c1805dc42708689ed6864951fd2494f924149d3e4bce7710f8eb5232", size = 96490, upload-time = "2026-03-25T20:21:51.474Z" },
    { url = "https://files.pythonhosted.org/packages/45/4b/b877b05c8ba62927d9865dd980e34a755de541eb65fffba52b4cc495d4d2/tomli-2.4.1-cp314-cp314t-macosx_10_15_x86_64.whl", hash = "sha256:d4d8fe59808a54658fcc0160ecfb1b30f9089906c50b23bcb4c69eddc19ec2b4", size = 164263, upload-time = "2026-03-25T20:21:52.543Z" },
    { url = "https://files.pythonhosted.org/packages/24/79/6ab420d37a270b89f7195dec5448f79400d9e9c1826df982f3f8e97b24fd/tomli-2.4.1-cp314-cp314t-macosx_11_0_arm64.whl", hash = "sha256:7008df2e7655c495dd12d2a4ad038ff878d4ca4b81fccaf82b714e07eae4402c", size = 160736, upload-time = "2026-03-25T20:21:53.674Z" },
    { url = "https://files.pythonhosted.org/packages/02/e0/3630057d8eb170310785723ed5adcdfb7d50cb7e6455f85ba8a3deed642b/tomli-2.4.1-cp314-cp314t-manylinux2014_aarch64.manylinux_2_17_aarch64.manylinux_2_28_aarch64.whl", hash = "sha256:1d8591993e228b0c930c4bb0db464bdad97b3289fb981255d6c9a41aedc84b2d", size = 270717, upload-time = "2026-03-25T20:21:55.129Z" },
    { url = "https://files.pythonhosted.org/packages/7a/b4/1613716072e544d1a7891f548d8f9ec6ce2faf42ca65acae01d76ea06bb0/tomli-2.4.1-cp314-cp314t-manylinux2014_x86_64.manylinux_2_17_x86_64.manylinux_2_28_x86_64.whl", hash = "sha256:734e20b57ba95624ecf1841e72b53f6e186355e216e5412de414e3c51e5e3c41", size = 278461, upload-time = "2026-03-25T20:21:56.228Z" },
    { url = "https://files.pythonhosted.org/packages/05/38/30f541baf6a3f6df77b3df16b01ba319221389e2da59427e221ef417ac0c/tomli-2.4.1-cp314-cp314t-musllinux_1_2_aarch64.whl", hash = "sha256:8a650c2dbafa08d42e51ba0b62740dae4ecb9338eefa093aa5c78ceb546fcd5c", size = 274855, upload-time = "2026-03-25T20:21:57.653Z" },
    { url = "https://files.pythonhosted.org/packages/77/a3/ec9dd4fd2c38e98de34223b995a3b34813e6bdadf86c75314c928350ed14/tomli-2.4.1-cp314-cp314t-musllinux_1_2_x86_64.whl", hash = "sha256:504aa796fe0569bb43171066009ead363de03675276d2d121ac1a4572397870f", size = 283144, upload-time = "2026-03-25T20:21:59.089Z" },
    { url = "https://files.pythonhosted.org/packages/ef/be/605a6261cac79fba2ec0c9827e986e00323a1945700969b8ee0b30d85453/tomli-2.4.1-cp314-cp314t-win32.whl", hash = "sha256:b1d22e6e9387bf4739fbe23bfa80e93f6b0373a7f1b96c6227c32bef95a4d7a8", size = 108683, upload-time = "2026-03-25T20:22:00.214Z" },
    { url = "https://files.pythonhosted.org/packages/12/64/da524626d3b9cc40c168a13da8335fe1c51be12c0a63685cc6db7308daae/tomli-2.4.1-cp314-cp314t-win_amd64.whl", hash = "sha256:2c1c351919aca02858f740c6d33adea0c5deea37f9ecca1cc1ef9e884a619d26", size = 121196, upload-time = "2026-03-25T20:22:01.169Z" },
    { url = "https://files.pythonhosted.org/packages/5a/cd/e80b62269fc78fc36c9af5a6b89c835baa8af28ff5ad28c7028d60860320/tomli-2.4.1-cp314-cp314t-win_arm64.whl", hash = "sha256:eab21f45c7f66c13f2a9e0e1535309cee140182a9cdae1e041d02e47291e8396", size = 100393, upload-time = "2026-03-25T20:22:02.137Z" },
    { url = "https://files.pythonhosted.org/packages/7b/61/cceae43728b7de99d9b847560c262873a1f6c98202171fd5ed62640b494b/tomli-2.4.1-py3-none-any.whl", hash = "sha256:0d85819802132122da43cb86656f8d1f8c6587d54ae7dcaf30e90533028b49fe", size = 14583, upload-time = "2026-03-25T20:22:03.012Z" },
]

[[package]]
name = "typing-extensions"
version = "4.16.0"
source = { registry = "https://pypi.org/simple" }
sdist = { url = "https://files.pythonhosted.org/packages/f6/cc/6253133b5bb138fc3306cebfbda2c520f545d36b5be2c7255cc528bb45d6/typing_extensions-4.16.0.tar.gz", hash = "sha256:dc983d19a509c94dba722ee6abd33940f7c05a89e243c47e907eb4db6f1a43e5", size = 113555, upload-time = "2026-07-02T08:40:05.92Z" }
wheels = [
    { url = "https://files.pythonhosted.org/packages/49/d3/b8441a820a491ddfc024b0b0cf0393375b75ea13866d9c66727e54c2fc80/typing_extensions-4.16.0-py3-none-any.whl", hash = "sha256:481caa481374e813c1b176ada14e97f1f67a4539ce9cfeb3f350d78d6370c2e8", size = 45571, upload-time = "2026-07-02T08:40:04.659Z" },
]
